
Microsoft Visual Studio Solution File, Format Version 12.00
# Visual Studio Version 17
VisualStudioVersion = 17.9.34616.47
MinimumVisualStudioVersion = 10.0.40219.1
Project("{9A19103F-16F7-4668-BE54-9A1E7A4F7556}") = "devshop.api", "devshop.api\devshop.api.csproj", "{ABDBB93B-6CC8-45DE-9968-8BCFF2DDC3F3}"
EndProject
Project("{FAE04EC0-301F-11D3-BF4B-00C04F79EFBC}") = "devshop.web", "devshop.web\devshop.web.csproj", "{34B03E49-416C-49B6-A96C-99F1CA1C758D}"
EndProject
Global
	GlobalSection(SolutionConfigurationPlatforms) = preSolution
		Debug|Any CPU = Debug|Any CPU
		Release|Any CPU = Release|Any CPU
	EndGlobalSection
	GlobalSection(ProjectConfigurationPlatforms) = postSolution
		{ABDBB93B-6CC8-45DE-9968-8BCFF2DDC3F3}.Debug|Any CPU.ActiveCfg = Debug|Any CPU
		{ABDBB93B-6CC8-45DE-9968-8BCFF2DDC3F3}.Debug|Any CPU.Build.0 = Debug|Any CPU
		{ABDBB93B-6CC8-45DE-9968-8BCFF2DDC3F3}.Release|Any CPU.ActiveCfg = Release|Any CPU
		{ABDBB93B-6CC8-45DE-9968-8BCFF2DDC3F3}.Release|Any CPU.Build.0 = Release|Any CPU
		{34B03E49-416C-49B6-A96C-99F1CA1C758D}.Debug|Any CPU.ActiveCfg = Debug|Any CPU
		{34B03E49-416C-49B6-A96C-99F1CA1C758D}.Debug|Any CPU.Build.0 = Debug|Any CPU
		{34B03E49-416C-49B6-A96C-99F1CA1C758D}.Release|Any CPU.ActiveCfg = Release|Any CPU
		{34B03E49-416C-49B6-A96C-99F1CA1C758D}.Release|Any CPU.Build.0 = Release|Any CPU
	EndGlobalSection
	GlobalSection(SolutionProperties) = preSolution
		HideSolutionNode = FALSE
	EndGlobalSection
EndGlobal
